
Microsoft Visual Studio Solution File, Format Version 12.00
# Visual Studio Version 16
VisualStudioVersion = 16.0.29613.14
MinimumVisualStudioVersion = 10.0.40219.1
Project("{FAE04EC0-301F-11D3-BF4B-00C04F79EFBC}") = "Artokai.KeyboardLedDriver", "Artokai.KeyboardLedDriver.csproj", "{84C53444-5F70-4ED1-921F-909036A52CEF}"
EndProject
Global
	GlobalSection(SolutionConfigurationPlatforms) = preSolution
		Debug|Any CPU = Debug|Any CPU
		Release|Any CPU = Release|Any CPU
	EndGlobalSection
	GlobalSection(ProjectConfigurationPlatforms) = postSolution
		{84C53444-5F70-4ED1-921F-909036A52CEF}.Debug|Any CPU.ActiveCfg = Debug|Any CPU
		{84C53444-5F70-4ED1-921F-909036A52CEF}.Debug|Any CPU.Build.0 = Debug|Any CPU
		{84C53444-5F70-4ED1-921F-909036A52CEF}.Release|Any CPU.ActiveCfg = Release|Any CPU
		{84C53444-5F70-4ED1-921F-909036A52CEF}.Release|Any CPU.Build.0 = Release|Any CPU
	EndGlobalSection
	GlobalSection(SolutionProperties) = preSolution
		HideSolutionNode = FALSE
	EndGlobalSection
	GlobalSection(ExtensibilityGlobals) = postSolution
		SolutionGuid = {1B631B5B-4803-4819-B759-C97EE43F60B5}
	EndGlobalSection
EndGlobal
